<?xml version="1.0" encoding="utf-8"?>
<Project ToolsVersion="4.0" xmlns="http://schemas.microsoft.com/developer/msbuild/2003">
  <ItemGroup>
    <Filter Include="Исходные файлы">
      <UniqueIdentifier>{4FC737F1-C7A5-4376-A066-2A32D752A2FF}</UniqueIdentifier>
      <Extensions>cpp;c;cc;cxx;c++;cppm;ixx;def;odl;idl;hpj;bat;asm;asmx</Extensions>
    </Filter>
    <Filter Include="Файлы заголовков">
      <UniqueIdentifier>{93995380-89BD-4b04-88EB-625FBE52EBFB}</UniqueIdentifier>
      <Extensions>h;hh;hpp;hxx;h++;hm;inl;inc;ipp;xsd</Extensions>
    </Filter>
    <Filter Include="Файлы ресурсов">
      <UniqueIdentifier>{67DA6AB6-F800-4c08-8B7A-83BB121AAD01}</UniqueIdentifier>
      <Extensions>rc;ico;cur;bmp;dlg;rc2;rct;bin;rgs;gif;jpg;jpeg;jpe;resx;tiff;tif;png;wav;mfcribbon-ms</Extensions>
    </Filter>
  </ItemGroup>
  <ItemGroup>
    <ClCompile Include="A0_START.cpp">
      <Filter>Исходные файлы</Filter>
    </ClCompile>
    <ClCompile Include="Timer.cpp">
      <Filter>Исходные файлы</Filter>
    </ClCompile>
  </ItemGroup>
  <ItemGroup>
    <ClInclude Include="Common_VVV.h">
      <Filter>Файлы заголовков</Filter>
    </ClInclude>
    <ClInclude Include="A1_Vvod.h">
      <Filter>Исходные файлы</Filter>
    </ClInclude>
    <ClInclude Include="Common_AAA.h">
      <Filter>Файлы заголовков</Filter>
    </ClInclude>
    <ClInclude Include="Common_CCC.h">
      <Filter>Файлы заголовков</Filter>
    </ClInclude>
    <ClInclude Include="Common_DDD.h">
      <Filter>Файлы заголовков</Filter>
    </ClInclude>
    <ClInclude Include="Common_GGG.h">
      <Filter>Файлы заголовков</Filter>
    </ClInclude>
    <ClInclude Include="Common_TTT.h">
      <Filter>Файлы заголовков</Filter>
    </ClInclude>
    <ClInclude Include="A6_1_SaverGrid.h">
      <Filter>Исходные файлы</Filter>
    </ClInclude>
    <ClInclude Include="A2_Param.h">
      <Filter>Исходные файлы</Filter>
    </ClInclude>
    <ClInclude Include="A5_InitalCond.h">
      <Filter>Исходные файлы</Filter>
    </ClInclude>
    <ClInclude Include="A4_Diff_T0.h">
      <Filter>Исходные файлы</Filter>
    </ClInclude>
    <ClInclude Include="A6_0_WriteData0.h">
      <Filter>Исходные файлы</Filter>
    </ClInclude>
    <ClInclude Include="A6_2_WriteStep.h">
      <Filter>Исходные файлы</Filter>
    </ClInclude>
    <ClInclude Include="A7_0_Evolution.h">
      <Filter>Исходные файлы</Filter>
    </ClInclude>
    <ClInclude Include="Ret7_1_Tau.h">
      <Filter>Исходные файлы</Filter>
    </ClInclude>
    <ClInclude Include="FilesExtern.h">
      <Filter>Файлы заголовков</Filter>
    </ClInclude>
    <ClInclude Include="FilesCreate.h">
      <Filter>Файлы заголовков</Filter>
    </ClInclude>
    <ClInclude Include="C7_21_11_DpmXY.h">
      <Filter>Исходные файлы</Filter>
    </ClInclude>
    <ClInclude Include="C7_21_121_VTdxy.h">
      <Filter>Исходные файлы</Filter>
    </ClInclude>
    <ClInclude Include="Ret7_21_210_AK.h">
      <Filter>Исходные файлы</Filter>
    </ClInclude>
    <ClInclude Include="Ret7_21_211_Diffu.h">
      <Filter>Исходные файлы</Filter>
    </ClInclude>
    <ClInclude Include="Timer.h">
      <Filter>Файлы заголовков</Filter>
    </ClInclude>
    <ClInclude Include="A7_39_WritRestart.h">
      <Filter>Исходные файлы</Filter>
    </ClInclude>
    <ClInclude Include="A3_0_Grid.h">
      <Filter>Исходные файлы</Filter>
    </ClInclude>
    <ClInclude Include="C7_21_120_Vis.h">
      <Filter>Исходные файлы</Filter>
    </ClInclude>
    <ClInclude Include="B7_21_22_BndCnd.h">
      <Filter>Исходные файлы</Filter>
    </ClInclude>
    <ClInclude Include="A7_22_RK_LayerUp.h">
      <Filter>Исходные файлы</Filter>
    </ClInclude>
    <ClInclude Include="A7_20_RungeKutt.h">
      <Filter>Исходные файлы</Filter>
    </ClInclude>
    <ClInclude Include="B7_21_20_PKtau.h">
      <Filter>Исходные файлы</Filter>
    </ClInclude>
    <ClInclude Include="A7_21_0_RK_Step.h">
      <Filter>Исходные файлы</Filter>
    </ClInclude>
    <ClInclude Include="B7_21_10_Lio2D.h">
      <Filter>Исходные файлы</Filter>
    </ClInclude>
  </ItemGroup>
</Project>